
Microsoft Visual Studio Solution File, Format Version 12.00
# Visual Studio Version 16
VisualStudioVersion = 16.0.29201.188
MinimumVisualStudioVersion = 10.0.40219.1
Project("{9A19103F-16F7-4668-BE54-9A1E7A4F7556}") = "TestProject", "TestProject.csproj", "{AAF5C203-AB79-4743-9F2E-691B83788DC6}"
EndProject
Global
	GlobalSection(SolutionConfigurationPlatforms) = preSolution
		Debug|Any CPU = Debug|Any CPU
		Release|Any CPU = Release|Any CPU
	EndGlobalSection
	GlobalSection(ProjectConfigurationPlatforms) = postSolution
		{AAF5C203-AB79-4743-9F2E-691B83788DC6}.Debug|Any CPU.ActiveCfg = Debug|Any CPU
		{AAF5C203-AB79-4743-9F2E-691B83788DC6}.Debug|Any CPU.Build.0 = Debug|Any CPU
		{AAF5C203-AB79-4743-9F2E-691B83788DC6}.Release|Any CPU.ActiveCfg = Release|Any CPU
		{AAF5C203-AB79-4743-9F2E-691B83788DC6}.Release|Any CPU.Build.0 = Release|Any CPU
	EndGlobalSection
	GlobalSection(SolutionProperties) = preSolution
		HideSolutionNode = FALSE
	EndGlobalSection
	GlobalSection(ExtensibilityGlobals) = postSolution
		SolutionGuid = {C6D70601-896C-4F22-B2BF-064ABBE8197A}
	EndGlobalSection
EndGlobal
